
Microsoft Visual Studio Solution File, Format Version 12.00
# Visual Studio Version 16
VisualStudioVersion = 16.0.30907.101
MinimumVisualStudioVersion = 10.0.40219.1
Project("{FAE04EC0-301F-11D3-BF4B-00C04F79EFBC}") = "StackMosh", "StackMosh\StackMosh.csproj", "{B5D5508F-F8E2-4982-A5DE-E228BA3628CF}"
EndProject
Global
	GlobalSection(SolutionConfigurationPlatforms) = preSolution
		Debug|Any CPU = Debug|Any CPU
		Release|Any CPU = Release|Any CPU
	EndGlobalSection
	GlobalSection(ProjectConfigurationPlatforms) = postSolution
		{B5D5508F-F8E2-4982-A5DE-E228BA3628CF}.Debug|Any CPU.ActiveCfg = Debug|Any CPU
		{B5D5508F-F8E2-4982-A5DE-E228BA3628CF}.Debug|Any CPU.Build.0 = Debug|Any CPU
		{B5D5508F-F8E2-4982-A5DE-E228BA3628CF}.Release|Any CPU.ActiveCfg = Release|Any CPU
		{B5D5508F-F8E2-4982-A5DE-E228BA3628CF}.Release|Any CPU.Build.0 = Release|Any CPU
	EndGlobalSection
	GlobalSection(SolutionProperties) = preSolution
		HideSolutionNode = FALSE
	EndGlobalSection
	GlobalSection(ExtensibilityGlobals) = postSolution
		SolutionGuid = {0F622E23-BE29-40C9-8655-E777CC677469}
	EndGlobalSection
EndGlobal
