
Microsoft Visual Studio Solution File, Format Version 12.00
# Visual Studio Version 16
VisualStudioVersion = 16.0.30907.101
MinimumVisualStudioVersion = 10.0.40219.1
Project("{FAE04EC0-301F-11D3-BF4B-00C04F79EFBC}") = "IterationStatementsExercise", "IterationStatementsExercise\IterationStatementsExercise.csproj", "{E93498FB-B463-4EBD-940A-67F315F5E5F7}"
EndProject
Global
	GlobalSection(SolutionConfigurationPlatforms) = preSolution
		Debug|Any CPU = Debug|Any CPU
		Release|Any CPU = Release|Any CPU
	EndGlobalSection
	GlobalSection(ProjectConfigurationPlatforms) = postSolution
		{E93498FB-B463-4EBD-940A-67F315F5E5F7}.Debug|Any CPU.ActiveCfg = Debug|Any CPU
		{E93498FB-B463-4EBD-940A-67F315F5E5F7}.Debug|Any CPU.Build.0 = Debug|Any CPU
		{E93498FB-B463-4EBD-940A-67F315F5E5F7}.Release|Any CPU.ActiveCfg = Release|Any CPU
		{E93498FB-B463-4EBD-940A-67F315F5E5F7}.Release|Any CPU.Build.0 = Release|Any CPU
	EndGlobalSection
	GlobalSection(SolutionProperties) = preSolution
		HideSolutionNode = FALSE
	EndGlobalSection
	GlobalSection(ExtensibilityGlobals) = postSolution
		SolutionGuid = {E82C5E91-55D4-469D-9D18-4C74C4BB0D2B}
	EndGlobalSection
EndGlobal
